
Microsoft Visual Studio Solution File, Format Version 12.00
# Visual Studio Version 16
VisualStudioVersion = 16.0.29306.81
MinimumVisualStudioVersion = 10.0.40219.1
Project("{FAE04EC0-301F-11D3-BF4B-00C04F79EFBC}") = "YuliiaVanchytska.RobotChallenge", "YuliiaVanchytska.RobotChallenge.csproj", "{83E194E3-7943-4BE0-90D6-61002FB00F56}"
EndProject
Global
	GlobalSection(SolutionConfigurationPlatforms) = preSolution
		Debug|Any CPU = Debug|Any CPU
		Release|Any CPU = Release|Any CPU
	EndGlobalSection
	GlobalSection(ProjectConfigurationPlatforms) = postSolution
		{83E194E3-7943-4BE0-90D6-61002FB00F56}.Debug|Any CPU.ActiveCfg = Debug|Any CPU
		{83E194E3-7943-4BE0-90D6-61002FB00F56}.Debug|Any CPU.Build.0 = Debug|Any CPU
		{83E194E3-7943-4BE0-90D6-61002FB00F56}.Release|Any CPU.ActiveCfg = Release|Any CPU
		{83E194E3-7943-4BE0-90D6-61002FB00F56}.Release|Any CPU.Build.0 = Release|Any CPU
	EndGlobalSection
	GlobalSection(SolutionProperties) = preSolution
		HideSolutionNode = FALSE
	EndGlobalSection
	GlobalSection(ExtensibilityGlobals) = postSolution
		SolutionGuid = {CE9F3F65-E3AF-492F-862A-4BF0091D6633}
	EndGlobalSection
EndGlobal
